# THIS IS AN AUTOGENERATED FILE. DO NOT EDIT THIS FILE DIRECTLY.
# yarn lockfile v1
bolasblack/ramda-extra#0.0.2, ramda-extra@bolasblack/ramda-extra:
  name ramda-extra
  version "0.0.2"
  resolved "https://codeload.github.com/bolasblack/ramda-extra/tar.gz/bc330d4e17ae9769d14c432c77f7048f50c0a901"

ramda:
  version "0.22.1"
  resolved "https://registry.yarnpkg.com/ramda/-/ramda-0.22.1.tgz#031da0c3df417c5b33c96234757eb37033f36a0e"

